
Microsoft Visual Studio Solution File, Format Version 11.00
# Visual Studio 2010
Project("{FAE04EC0-301F-11D3-BF4B-00C04F79EFBC}") = "ProcessTree", "ProcessTree\ProcessTree.csproj", "{A3C62F4D-255E-4C04-8921-285BDD4F370F}"
	ProjectSection(ProjectDependencies) = postProject
		{DFDB6771-4B9C-4E13-8EFC-FE2F5572B60B} = {DFDB6771-4B9C-4E13-8EFC-FE2F5572B60B}
	EndProjectSection
EndProject
Project("{FAE04EC0-301F-11D3-BF4B-00C04F79EFBC}") = "FakePS", "FakePS\FakePS.csproj", "{DFDB6771-4B9C-4E13-8EFC-FE2F5572B60B}"
EndProject
Project("{2150E333-8FDC-42A3-9474-1A3956D46DE8}") = "Solution Items", "Solution Items", "{98706CF9-070F-42A3-9C25-23B4F1E9F79F}"
	ProjectSection(SolutionItems) = preProject
		Performance1.psess = Performance1.psess
	EndProjectSection
EndProject
Global
	GlobalSection(SolutionConfigurationPlatforms) = preSolution
		Debug|x86 = Debug|x86
		Release|x86 = Release|x86
	EndGlobalSection
	GlobalSection(ProjectConfigurationPlatforms) = postSolution
		{A3C62F4D-255E-4C04-8921-285BDD4F370F}.Debug|x86.ActiveCfg = Debug|x86
		{A3C62F4D-255E-4C04-8921-285BDD4F370F}.Debug|x86.Build.0 = Debug|x86
		{A3C62F4D-255E-4C04-8921-285BDD4F370F}.Release|x86.ActiveCfg = Release|x86
		{A3C62F4D-255E-4C04-8921-285BDD4F370F}.Release|x86.Build.0 = Release|x86
		{DFDB6771-4B9C-4E13-8EFC-FE2F5572B60B}.Debug|x86.ActiveCfg = Debug|x86
		{DFDB6771-4B9C-4E13-8EFC-FE2F5572B60B}.Debug|x86.Build.0 = Debug|x86
		{DFDB6771-4B9C-4E13-8EFC-FE2F5572B60B}.Release|x86.ActiveCfg = Release|x86
		{DFDB6771-4B9C-4E13-8EFC-FE2F5572B60B}.Release|x86.Build.0 = Release|x86
	EndGlobalSection
	GlobalSection(SolutionProperties) = preSolution
		HideSolutionNode = FALSE
	EndGlobalSection
EndGlobal
